
Microsoft Visual Studio Solution File, Format Version 12.00
# Visual Studio Version 17
VisualStudioVersion = 17.9.34728.123
MinimumVisualStudioVersion = 10.0.40219.1
Project("{FAE04EC0-301F-11D3-BF4B-00C04F79EFBC}") = "SignalR Day 2", "SignalR Day 2\SignalR Day 2.csproj", "{3809BC35-3F16-4AE1-B1EE-1D9D8CF5812B}"
EndProject
Global
	GlobalSection(SolutionConfigurationPlatforms) = preSolution
		Debug|Any CPU = Debug|Any CPU
		Release|Any CPU = Release|Any CPU
	EndGlobalSection
	GlobalSection(ProjectConfigurationPlatforms) = postSolution
		{3809BC35-3F16-4AE1-B1EE-1D9D8CF5812B}.Debug|Any CPU.ActiveCfg = Debug|Any CPU
		{3809BC35-3F16-4AE1-B1EE-1D9D8CF5812B}.Debug|Any CPU.Build.0 = Debug|Any CPU
		{3809BC35-3F16-4AE1-B1EE-1D9D8CF5812B}.Release|Any CPU.ActiveCfg = Release|Any CPU
		{3809BC35-3F16-4AE1-B1EE-1D9D8CF5812B}.Release|Any CPU.Build.0 = Release|Any CPU
	EndGlobalSection
	GlobalSection(SolutionProperties) = preSolution
		HideSolutionNode = FALSE
	EndGlobalSection
	GlobalSection(ExtensibilityGlobals) = postSolution
		SolutionGuid = {27AD21A2-D6F1-47DF-A3AF-F2EF0EEA05D1}
	EndGlobalSection
EndGlobal
